// !$*UTF8*$!
{
	archiveVersion = 1;
	classes = {
	};
	objectVersion = 54;
	objects = {

/* Begin PBXBuildFile section */
		AE8013F81DF8F1A2001F7C65 /* AppDelegate.swift in Sources */ = {isa = PBXBuildFile; fileRef = AE8013F71DF8F1A2001F7C65 /* AppDelegate.swift */; };
		AE8013FA1DF8F1A2001F7C65 /* ViewController.swift in Sources */ = {isa = PBXBuildFile; fileRef = AE8013F91DF8F1A2001F7C65 /* ViewController.swift */; };
		AE8013FD1DF8F1A2001F7C65 /* Main.storyboard in Resources */ = {isa = PBXBuildFile; fileRef = AE8013FB1DF8F1A2001F7C65 /* Main.storyboard */; };
		AE8013FF1DF8F1A2001F7C65 /* Assets.xcassets in Resources */ = {isa = PBXBuildFile; fileRef = AE8013FE1DF8F1A2001F7C65 /* Assets.xcassets */; };
		AE8014021DF8F1A2001F7C65 /* LaunchScreen.storyboard in Resources */ = {isa = PBXBuildFile; fileRef = AE8014001DF8F1A2001F7C65 /* LaunchScreen.storyboard */; };
		AE8DAC1A1DFB413800535DC9 /* UIViewExtensions.swift in Sources */ = {isa = PBXBuildFile; fileRef = AE8DAC191DFB413800535DC9 /* UIViewExtensions.swift */; };
/* End PBXBuildFile section */

/* Begin PBXFileReference section */
		AE15E33A1DFA34DE0022850D /* README.md */ = {isa = PBXFileReference; fileEncoding = 4; lastKnownFileType = net.daringfireball.markdown; path = README.md; sourceTree = SOURCE_ROOT; };
		AE8013F41DF8F1A2001F7C65 /* UIVIew PropertyAnimator test.app */ = {isa = PBXFileReference; explicitFileType = wrapper.application; includeInIndex = 0; path = "UIVIew PropertyAnimator test.app"; sourceTree = BUILT_PRODUCTS_DIR; };
		AE8013F71DF8F1A2001F7C65 /* AppDelegate.swift */ = {isa = PBXFileReference; lastKnownFileType = sourcecode.swift; path = AppDelegate.swift; sourceTree = "<group>"; };
		AE8013F91DF8F1A2001F7C65 /* ViewController.swift */ = {isa = PBXFileReference; lastKnownFileType = sourcecode.swift; path = "\U0010\U0010\U0010\U0010\U0010\U0010ViewController.swift"; sourceTree = "<group>"; };
		AE8013FC1DF8F1A2001F7C65 /* Base */ = {isa = PBXFileReference; lastKnownFileType = file.storyboard; name = Base; path = Base.lproj/Main.storyboard; sourceTree = "<group>"; };
		AE8013FE1DF8F1A2001F7C65 /* Assets.xcassets */ = {isa = PBXFileReference; lastKnownFileType = folder.assetcatalog; path = Assets.xcassets; sourceTree = "<group>"; };
		AE8014011DF8F1A2001F7C65 /* Base */ = {isa = PBXFileReference; lastKnownFileType = file.storyboard; name = Base; path = Base.lproj/LaunchScreen.storyboard; sourceTree = "<group>"; };
		AE8014031DF8F1A2001F7C65 /* Info.plist */ = {isa = PBXFileReference; lastKnownFileType = text.plist.xml; path = Info.plist; sourceTree = "<group>"; };
		AE8DAC191DFB413800535DC9 /* UIViewExtensions.swift */ = {isa = PBXFileReference; fileEncoding = 4; lastKnownFileType = sourcecode.swift; path = UIViewExtensions.swift; sourceTree = "<group>"; };
/* End PBXFileReference section */

/* Begin PBXFrameworksBuildPhase section */
		AE8013F11DF8F1A2001F7C65 /* Frameworks */ = {
			isa = PBXFrameworksBuildPhase;
			buildActionMask = 2147483647;
			files = (
			);
			runOnlyForDeploymentPostprocessing = 0;
		};
/* End PBXFrameworksBuildPhase section */

/* Begin PBXGroup section */
		AE8013EB1DF8F1A2001F7C65 = {
			isa = PBXGroup;
			children = (
				AE8013F61DF8F1A2001F7C65 /* UIVIew PropertyAnimator test */,
				AE8013F51DF8F1A2001F7C65 /* Products */,
			);
			sourceTree = "<group>";
		};
		AE8013F51DF8F1A2001F7C65 /* Products */ = {
			isa = PBXGroup;
			children = (
				AE8013F41DF8F1A2001F7C65 /* UIVIew PropertyAnimator test.app */,
			);
			name = Products;
			sourceTree = "<group>";
		};
		AE8013F61DF8F1A2001F7C65 /* UIVIew PropertyAnimator test */ = {
			isa = PBXGroup;
			children = (
				AE8DAC191DFB413800535DC9 /* UIViewExtensions.swift */,
				AE15E33A1DFA34DE0022850D /* README.md */,
				AE8013F71DF8F1A2001F7C65 /* AppDelegate.swift */,
				AE8013F91DF8F1A2001F7C65 /* ViewController.swift */,
				AE8013FB1DF8F1A2001F7C65 /* Main.storyboard */,
				AE8013FE1DF8F1A2001F7C65 /* Assets.xcassets */,
				AE8014001DF8F1A2001F7C65 /* LaunchScreen.storyboard */,
				AE8014031DF8F1A2001F7C65 /* Info.plist */,
			);
			path = "UIVIew PropertyAnimator test";
			sourceTree = "<group>";
		};
/* End PBXGroup section */

/* Begin PBXNativeTarget section */
		AE8013F31DF8F1A2001F7C65 /* UIVIew PropertyAnimator test */ = {
			isa = PBXNativeTarget;
			buildConfigurationList = AE8014061DF8F1A2001F7C65 /* Build configuration list for PBXNativeTarget "UIVIew PropertyAnimator test" */;
			buildPhases = (
				AE8013F01DF8F1A2001F7C65 /* Sources */,
				AE8013F11DF8F1A2001F7C65 /* Frameworks */,
				AE8013F21DF8F1A2001F7C65 /* Resources */,
			);
			buildRules = (
			);
			dependencies = (
			);
			name = "UIVIew PropertyAnimator test";
			productName = "UIVIew PropertyAnimator test";
			productReference = AE8013F41DF8F1A2001F7C65 /* UIVIew PropertyAnimator test.app */;
			productType = "com.apple.product-type.application";
		};
/* End PBXNativeTarget section */

/* Begin PBXProject section */
		AE8013EC1DF8F1A2001F7C65 /* Project object */ = {
			isa = PBXProject;
			attributes = {
				BuildIndependentTargetsInParallel = YES;
				LastSwiftUpdateCheck = 0810;
				LastUpgradeCheck = 1500;
				ORGANIZATIONNAME = "Duncan Champney";
				TargetAttributes = {
					AE8013F31DF8F1A2001F7C65 = {
						CreatedOnToolsVersion = 8.1;
						DevelopmentTeam = VBNQV8KG4G;
						LastSwiftMigration = 1170;
						ProvisioningStyle = Automatic;
					};
				};
			};
			buildConfigurationList = AE8013EF1DF8F1A2001F7C65 /* Build configuration list for PBXProject "UIVIew PropertyAnimator test" */;
			compatibilityVersion = "Xcode 3.2";
			developmentRegion = en;
			hasScannedForEncodings = 0;
			knownRegions = (
				en,
				Base,
			);
			mainGroup = AE8013EB1DF8F1A2001F7C65;
			productRefGroup = AE8013F51DF8F1A2001F7C65 /* Products */;
			projectDirPath = "";
			projectRoot = "";
			targets = (
				AE8013F31DF8F1A2001F7C65 /* UIVIew PropertyAnimator test */,
			);
		};
/* End PBXProject section */

/* Begin PBXResourcesBuildPhase section */
		AE8013F21DF8F1A2001F7C65 /* Resources */ = {
			isa = PBXResourcesBuildPhase;
			buildActionMask = 2147483647;
			files = (
				AE8014021DF8F1A2001F7C65 /* LaunchScreen.storyboard in Resources */,
				AE8013FF1DF8F1A2001F7C65 /* Assets.xcassets in Resources */,
				AE8013FD1DF8F1A2001F7C65 /* Main.storyboard in Resources */,
			);
			runOnlyForDeploymentPostprocessing = 0;
		};
/* End PBXResourcesBuildPhase section */

/* Begin PBXSourcesBuildPhase section */
		AE8013F01DF8F1A2001F7C65 /* Sources */ = {
			isa = PBXSourcesBuildPhase;
			buildActionMask = 2147483647;
			files = (
				AE8013FA1DF8F1A2001F7C65 /* ViewController.swift in Sources */,
				AE8DAC1A1DFB413800535DC9 /* UIViewExtensions.swift in Sources */,
				AE8013F81DF8F1A2001F7C65 /* AppDelegate.swift in Sources */,
			);
			runOnlyForDeploymentPostprocessing = 0;
		};
/* End PBXSourcesBuildPhase section */

/* Begin PBXVariantGroup section */
		AE8013FB1DF8F1A2001F7C65 /* Main.storyboard */ = {
			isa = PBXVariantGroup;
			children = (
				AE8013FC1DF8F1A2001F7C65 /* Base */,
			);
			name = Main.storyboard;
			sourceTree = "<group>";
		};
		AE8014001DF8F1A2001F7C65 /* LaunchScreen.storyboard */ = {
			isa = PBXVariantGroup;
			children = (
				AE8014011DF8F1A2001F7C65 /* Base */,
			);
			name = LaunchScreen.storyboard;
			sourceTree = "<group>";
		};
/* End PBXVariantGroup section */

/* Begin XCBuildConfiguration section */
		AE8014041DF8F1A2001F7C65 /* Debug */ = {
			isa = XCBuildConfiguration;
			buildSettings = {
				ALWAYS_SEARCH_USER_PATHS = NO;
				CLANG_ANALYZER_LOCALIZABILITY_NONLOCALIZED = YES;
				CLANG_ANALYZER_NONNULL = YES;
				CLANG_CXX_LANGUAGE_STANDARD = "gnu++0x";
				CLANG_CXX_LIBRARY = "libc++";
				CLANG_ENABLE_MODULES = YES;
				CLANG_ENABLE_OBJC_ARC = YES;
				CLANG_WARN_BLOCK_CAPTURE_AUTORELEASING = YES;
				CLANG_WARN_BOOL_CONVERSION = YES;
				CLANG_WARN_COMMA = YES;
				CLANG_WARN_CONSTANT_CONVERSION = YES;
				CLANG_WARN_DEPRECATED_OBJC_IMPLEMENTATIONS = YES;
				CLANG_WARN_DIRECT_OBJC_ISA_USAGE = YES_ERROR;
				CLANG_WARN_DOCUMENTATION_COMMENTS = YES;
				CLANG_WARN_EMPTY_BODY = YES;
				CLANG_WARN_ENUM_CONVERSION = YES;
				CLANG_WARN_INFINITE_RECURSION = YES;
				CLANG_WARN_INT_CONVERSION = YES;
				CLANG_WARN_NON_LITERAL_NULL_CONVERSION = YES;
				CLANG_WARN_OBJC_IMPLICIT_RETAIN_SELF = YES;
				CLANG_WARN_OBJC_LITERAL_CONVERSION = YES;
				CLANG_WARN_OBJC_ROOT_CLASS = YES_ERROR;
				CLANG_WARN_QUOTED_INCLUDE_IN_FRAMEWORK_HEADER = YES;
				CLANG_WARN_RANGE_LOOP_ANALYSIS = YES;
				CLANG_WARN_STRICT_PROTOTYPES = YES;
				CLANG_WARN_SUSPICIOUS_MOVE = YES;
				CLANG_WARN_SUSPICIOUS_MOVES = YES;
				CLANG_WARN_UNREACHABLE_CODE = YES;
				CLANG_WARN__DUPLICATE_METHOD_MATCH = YES;
				"CODE_SIGN_IDENTITY[sdk=iphoneos*]" = "iPhone Developer";
				COPY_PHASE_STRIP = NO;
				DEBUG_INFORMATION_FORMAT = dwarf;
				DEVELOPMENT_TEAM = VBNQV8KG4G;
				ENABLE_STRICT_OBJC_MSGSEND = YES;
				ENABLE_TESTABILITY = YES;
				ENABLE_USER_SCRIPT_SANDBOXING = YES;
				GCC_C_LANGUAGE_STANDARD = gnu99;
				GCC_DYNAMIC_NO_PIC = NO;
				GCC_NO_COMMON_BLOCKS = YES;
				GCC_OPTIMIZATION_LEVEL = 0;
				GCC_PREPROCESSOR_DEFINITIONS = (
					"DEBUG=1",
					"$(inherited)",
				);
				GCC_WARN_64_TO_32_BIT_CONVERSION = YES;
				GCC_WARN_ABOUT_RETURN_TYPE = YES_ERROR;
				GCC_WARN_UNDECLARED_SELECTOR = YES;
				GCC_WARN_UNINITIALIZED_AUTOS = YES_AGGRESSIVE;
				GCC_WARN_UNUSED_FUNCTION = YES;
				GCC_WARN_UNUSED_VARIABLE = YES;
				IPHONEOS_DEPLOYMENT_TARGET = 12.0;
				MTL_ENABLE_DEBUG_INFO = YES;
				ONLY_ACTIVE_ARCH = YES;
				SDKROOT = iphoneos;
				SWIFT_ACTIVE_COMPILATION_CONDITIONS = DEBUG;
				SWIFT_OPTIMIZATION_LEVEL = "-Onone";
				SWIFT_VERSION = 4.0;
				TARGETED_DEVICE_FAMILY = "1,2";
			};
			name = Debug;
		};
		AE8014051DF8F1A2001F7C65 /* Release */ = {
			isa = XCBuildConfiguration;
			buildSettings = {
				ALWAYS_SEARCH_USER_PATHS = NO;
				CLANG_ANALYZER_LOCALIZABILITY_NONLOCALIZED = YES;
				CLANG_ANALYZER_NONNULL = YES;
				CLANG_CXX_LANGUAGE_STANDARD = "gnu++0x";
				CLANG_CXX_LIBRARY = "libc++";
				CLANG_ENABLE_MODULES = YES;
				CLANG_ENABLE_OBJC_ARC = YES;
				CLANG_WARN_BLOCK_CAPTURE_AUTORELEASING = YES;
				CLANG_WARN_BOOL_CONVERSION = YES;
				CLANG_WARN_COMMA = YES;
				CLANG_WARN_CONSTANT_CONVERSION = YES;
				CLANG_WARN_DEPRECATED_OBJC_IMPLEMENTATIONS = YES;
				CLANG_WARN_DIRECT_OBJC_ISA_USAGE = YES_ERROR;
				CLANG_WARN_DOCUMENTATION_COMMENTS = YES;
				CLANG_WARN_EMPTY_BODY = YES;
				CLANG_WARN_ENUM_CONVERSION = YES;
				CLANG_WARN_INFINITE_RECURSION = YES;
				CLANG_WARN_INT_CONVERSION = YES;
				CLANG_WARN_NON_LITERAL_NULL_CONVERSION = YES;
				CLANG_WARN_OBJC_IMPLICIT_RETAIN_SELF = YES;
				CLANG_WARN_OBJC_LITERAL_CONVERSION = YES;
				CLANG_WARN_OBJC_ROOT_CLASS = YES_ERROR;
				CLANG_WARN_QUOTED_INCLUDE_IN_FRAMEWORK_HEADER = YES;
				CLANG_WARN_RANGE_LOOP_ANALYSIS = YES;
				CLANG_WARN_STRICT_PROTOTYPES = YES;
				CLANG_WARN_SUSPICIOUS_MOVE = YES;
				CLANG_WARN_SUSPICIOUS_MOVES = YES;
				CLANG_WARN_UNREACHABLE_CODE = YES;
				CLANG_WARN__DUPLICATE_METHOD_MATCH = YES;
				"CODE_SIGN_IDENTITY[sdk=iphoneos*]" = "iPhone Developer";
				COPY_PHASE_STRIP = NO;
				DEBUG_INFORMATION_FORMAT = "dwarf-with-dsym";
				DEVELOPMENT_TEAM = VBNQV8KG4G;
				ENABLE_NS_ASSERTIONS = NO;
				ENABLE_STRICT_OBJC_MSGSEND = YES;
				ENABLE_USER_SCRIPT_SANDBOXING = YES;
				GCC_C_LANGUAGE_STANDARD = gnu99;
				GCC_NO_COMMON_BLOCKS = YES;
				GCC_WARN_64_TO_32_BIT_CONVERSION = YES;
				GCC_WARN_ABOUT_RETURN_TYPE = YES_ERROR;
				GCC_WARN_UNDECLARED_SELECTOR = YES;
				GCC_WARN_UNINITIALIZED_AUTOS = YES_AGGRESSIVE;
				GCC_WARN_UNUSED_FUNCTION = YES;
				GCC_WARN_UNUSED_VARIABLE = YES;
				IPHONEOS_DEPLOYMENT_TARGET = 12.0;
				MTL_ENABLE_DEBUG_INFO = NO;
				SDKROOT = iphoneos;
				SWIFT_OPTIMIZATION_LEVEL = "-Owholemodule";
				SWIFT_VERSION = 4.0;
				TARGETED_DEVICE_FAMILY = "1,2";
				VALIDATE_PRODUCT = YES;
			};
			name = Release;
		};
		AE8014071DF8F1A2001F7C65 /* Debug */ = {
			isa = XCBuildConfiguration;
			buildSettings = {
				ASSETCATALOG_COMPILER_APPICON_NAME = AppIcon;
				INFOPLIST_FILE = "UIVIew PropertyAnimator test/Info.plist";
				IPHONEOS_DEPLOYMENT_TARGET = 14.7;
				LD_RUNPATH_SEARCH_PATHS = (
					"$(inherited)",
					"@executable_path/Frameworks",
				);
				PRODUCT_BUNDLE_IDENTIFIER = "com.wareto.UIVIew-PropertyAnimator-test";
				PRODUCT_NAME = "$(TARGET_NAME)";
				SWIFT_VERSION = 5.0;
			};
			name = Debug;
		};
		AE8014081DF8F1A2001F7C65 /* Release */ = {
			isa = XCBuildConfiguration;
			buildSettings = {
				ASSETCATALOG_COMPILER_APPICON_NAME = AppIcon;
				INFOPLIST_FILE = "UIVIew PropertyAnimator test/Info.plist";
				IPHONEOS_DEPLOYMENT_TARGET = 14.7;
				LD_RUNPATH_SEARCH_PATHS = (
					"$(inherited)",
					"@executable_path/Frameworks",
				);
				PRODUCT_BUNDLE_IDENTIFIER = "com.wareto.UIVIew-PropertyAnimator-test";
				PRODUCT_NAME = "$(TARGET_NAME)";
				SWIFT_VERSION = 5.0;
			};
			name = Release;
		};
/* End XCBuildConfiguration section */

/* Begin XCConfigurationList section */
		AE8013EF1DF8F1A2001F7C65 /* Build configuration list for PBXProject "UIVIew PropertyAnimator test" */ = {
			isa = XCConfigurationList;
			buildConfigurations = (
				AE8014041DF8F1A2001F7C65 /* Debug */,
				AE8014051DF8F1A2001F7C65 /* Release */,
			);
			defaultConfigurationIsVisible = 0;
			defaultConfigurationName = Release;
		};
		AE8014061DF8F1A2001F7C65 /* Build configuration list for PBXNativeTarget "UIVIew PropertyAnimator test" */ = {
			isa = XCConfigurationList;
			buildConfigurations = (
				AE8014071DF8F1A2001F7C65 /* Debug */,
				AE8014081DF8F1A2001F7C65 /* Release */,
			);
			defaultConfigurationIsVisible = 0;
			defaultConfigurationName = Release;
		};
/* End XCConfigurationList section */
	};
	rootObject = AE8013EC1DF8F1A2001F7C65 /* Project object */;
}
